// !$*UTF8*$!
{
	archiveVersion = 1;
	classes = {
	};
	objectVersion = 55;
	objects = {

/* Begin PBXBuildFile section */
		111E66EA285C64F8004EF32D /* LoadingScreenViewController.swift in Sources */ = {isa = PBXBuildFile; fileRef = 111E66E9285C64F8004EF32D /* LoadingScreenViewController.swift */; };
		111E66EC285C9738004EF32D /* TabBarController.swift in Sources */ = {isa = PBXBuildFile; fileRef = 111E66EB285C9738004EF32D /* TabBarController.swift */; };
		111E66EE285C9840004EF32D /* DashboardViewController.swift in Sources */ = {isa = PBXBuildFile; fileRef = 111E66ED285C9840004EF32D /* DashboardViewController.swift */; };
		1155479328658FAB0019E840 /* AddDrugToPacientVC.swift in Sources */ = {isa = PBXBuildFile; fileRef = 1155479228658FAB0019E840 /* AddDrugToPacientVC.swift */; };
		11554795286593D30019E840 /* AddDrugToPatientTVCell.swift in Sources */ = {isa = PBXBuildFile; fileRef = 11554794286593D30019E840 /* AddDrugToPatientTVCell.swift */; };
		115D1BD12859B7B900D5741D /* AppDelegate.swift in Sources */ = {isa = PBXBuildFile; fileRef = 115D1BD02859B7B900D5741D /* AppDelegate.swift */; };
		115D1BD32859B7B900D5741D /* SceneDelegate.swift in Sources */ = {isa = PBXBuildFile; fileRef = 115D1BD22859B7B900D5741D /* SceneDelegate.swift */; };
		115D1BD52859B7B900D5741D /* PatientViewController.swift in Sources */ = {isa = PBXBuildFile; fileRef = 115D1BD42859B7B900D5741D /* PatientViewController.swift */; };
		115D1BD82859B7B900D5741D /* Main.storyboard in Resources */ = {isa = PBXBuildFile; fileRef = 115D1BD62859B7B900D5741D /* Main.storyboard */; };
		115D1BDA2859B7B900D5741D /* Assets.xcassets in Resources */ = {isa = PBXBuildFile; fileRef = 115D1BD92859B7B900D5741D /* Assets.xcassets */; };
		115D1BDD2859B7B900D5741D /* LaunchScreen.storyboard in Resources */ = {isa = PBXBuildFile; fileRef = 115D1BDB2859B7B900D5741D /* LaunchScreen.storyboard */; };
		115DCC03294E693000455727 /* LoginController.swift in Sources */ = {isa = PBXBuildFile; fileRef = 115DCC02294E693000455727 /* LoginController.swift */; };
		115DCC05294E694C00455727 /* ForgotPasswordController.swift in Sources */ = {isa = PBXBuildFile; fileRef = 115DCC04294E694C00455727 /* ForgotPasswordController.swift */; };
		115DCC07294E696500455727 /* RegisterController.swift in Sources */ = {isa = PBXBuildFile; fileRef = 115DCC06294E696500455727 /* RegisterController.swift */; };
		115DCC09294E698B00455727 /* HomeController.swift in Sources */ = {isa = PBXBuildFile; fileRef = 115DCC08294E698B00455727 /* HomeController.swift */; };
		115DCC0B294E6AE000455727 /* AuthHeaderView.swift in Sources */ = {isa = PBXBuildFile; fileRef = 115DCC0A294E6AE000455727 /* AuthHeaderView.swift */; };
		115DCC0E294E723300455727 /* CustomTextField.swift in Sources */ = {isa = PBXBuildFile; fileRef = 115DCC0D294E723300455727 /* CustomTextField.swift */; };
		115DCC10294E76EC00455727 /* CustomButton.swift in Sources */ = {isa = PBXBuildFile; fileRef = 115DCC0F294E76EC00455727 /* CustomButton.swift */; };
		115DCC12294E868300455727 /* WebViewerController.swift in Sources */ = {isa = PBXBuildFile; fileRef = 115DCC11294E868300455727 /* WebViewerController.swift */; };
		115DCC15294F28B900455727 /* AlertManager.swift in Sources */ = {isa = PBXBuildFile; fileRef = 115DCC14294F28B900455727 /* AlertManager.swift */; };
		115DCC17294F326600455727 /* GoogleService-Info.plist in Resources */ = {isa = PBXBuildFile; fileRef = 115DCC16294F326600455727 /* GoogleService-Info.plist */; };
		115DCC19294F999500455727 /* AuthService.swift in Sources */ = {isa = PBXBuildFile; fileRef = 115DCC18294F999500455727 /* AuthService.swift */; };
		115DCC1B294F9A9600455727 /* RegisterUserRequest.swift in Sources */ = {isa = PBXBuildFile; fileRef = 115DCC1A294F9A9600455727 /* RegisterUserRequest.swift */; };
		115DCC1D294FA0C900455727 /* LoginUserRequest.swift in Sources */ = {isa = PBXBuildFile; fileRef = 115DCC1C294FA0C900455727 /* LoginUserRequest.swift */; };
		115DCC1F294FA8B500455727 /* Validator.swift in Sources */ = {isa = PBXBuildFile; fileRef = 115DCC1E294FA8B500455727 /* Validator.swift */; };
		115DCC21294FCD3A00455727 /* User.swift in Sources */ = {isa = PBXBuildFile; fileRef = 115DCC20294FCD3A00455727 /* User.swift */; };
		115DCC232950B7D900455727 /* UserProfileViewController.swift in Sources */ = {isa = PBXBuildFile; fileRef = 115DCC222950B7D900455727 /* UserProfileViewController.swift */; };
		116EE5C82860512B0074576C /* AddDrugViewController.swift in Sources */ = {isa = PBXBuildFile; fileRef = 116EE5C72860512B0074576C /* AddDrugViewController.swift */; };
		116EE5CA2860526F0074576C /* AddPatientViewController.swift in Sources */ = {isa = PBXBuildFile; fileRef = 116EE5C92860526F0074576C /* AddPatientViewController.swift */; };
		116EE5CD2860533F0074576C /* Patient.swift in Sources */ = {isa = PBXBuildFile; fileRef = 116EE5CC2860533F0074576C /* Patient.swift */; };
		116EE5CF286055630074576C /* Drugs.swift in Sources */ = {isa = PBXBuildFile; fileRef = 116EE5CE286055630074576C /* Drugs.swift */; };
		116EE5D1286056D00074576C /* Allocation.swift in Sources */ = {isa = PBXBuildFile; fileRef = 116EE5D0286056D00074576C /* Allocation.swift */; };
		116EE5D428605A1F0074576C /* BaseTextField.swift in Sources */ = {isa = PBXBuildFile; fileRef = 116EE5D328605A1F0074576C /* BaseTextField.swift */; };
		116EE5D62860873D0074576C /* PatientList.swift in Sources */ = {isa = PBXBuildFile; fileRef = 116EE5D52860873D0074576C /* PatientList.swift */; };
		1187497228643C13001CA200 /* PatientProfileViewController.swift in Sources */ = {isa = PBXBuildFile; fileRef = 1187497128643C13001CA200 /* PatientProfileViewController.swift */; };
		1187497428644A1B001CA200 /* LabelValueView.swift in Sources */ = {isa = PBXBuildFile; fileRef = 1187497328644A1B001CA200 /* LabelValueView.swift */; };
		11874976286479BD001CA200 /* DrugsInfoProfileViewController.swift in Sources */ = {isa = PBXBuildFile; fileRef = 11874975286479BD001CA200 /* DrugsInfoProfileViewController.swift */; };
		119FB0AB298AF12200FF2D2E /* GivenDrugDetailsVC.swift in Sources */ = {isa = PBXBuildFile; fileRef = 119FB0AA298AF12200FF2D2E /* GivenDrugDetailsVC.swift */; };
		11E85D9E28619C63006C742E /* DrugsList.swift in Sources */ = {isa = PBXBuildFile; fileRef = 11E85D9D28619C63006C742E /* DrugsList.swift */; };
		11E85DA12861A353006C742E /* PatientListTVCell.swift in Sources */ = {isa = PBXBuildFile; fileRef = 11E85DA02861A353006C742E /* PatientListTVCell.swift */; };
		11E85DA32861AFFF006C742E /* PatientRepository.swift in Sources */ = {isa = PBXBuildFile; fileRef = 11E85DA22861AFFF006C742E /* PatientRepository.swift */; };
		11E85DA52861E74D006C742E /* DrugsListTVCell.swift in Sources */ = {isa = PBXBuildFile; fileRef = 11E85DA42861E74D006C742E /* DrugsListTVCell.swift */; };
		11E85DA72862F67E006C742E /* DrugsRepository.swift in Sources */ = {isa = PBXBuildFile; fileRef = 11E85DA62862F67E006C742E /* DrugsRepository.swift */; };
		11EEA1AB2859FCBD00F81B22 /* DrugsViewController.swift in Sources */ = {isa = PBXBuildFile; fileRef = 11EEA1AA2859FCBD00F81B22 /* DrugsViewController.swift */; };
		ABB3B5B031CE574FB452FE5A /* Pods_SenioPillApplication.framework in Frameworks */ = {isa = PBXBuildFile; fileRef = 19786C2801E6776708069692 /* Pods_SenioPillApplication.framework */; };
/* End PBXBuildFile section */

/* Begin PBXFileReference section */
		111E66E9285C64F8004EF32D /* LoadingScreenViewController.swift */ = {isa = PBXFileReference; lastKnownFileType = sourcecode.swift; path = LoadingScreenViewController.swift; sourceTree = "<group>"; };
		111E66EB285C9738004EF32D /* TabBarController.swift */ = {isa = PBXFileReference; lastKnownFileType = sourcecode.swift; path = TabBarController.swift; sourceTree = "<group>"; };
		111E66ED285C9840004EF32D /* DashboardViewController.swift */ = {isa = PBXFileReference; lastKnownFileType = sourcecode.swift; path = DashboardViewController.swift; sourceTree = "<group>"; };
		1155479228658FAB0019E840 /* AddDrugToPacientVC.swift */ = {isa = PBXFileReference; lastKnownFileType = sourcecode.swift; path = AddDrugToPacientVC.swift; sourceTree = "<group>"; };
		11554794286593D30019E840 /* AddDrugToPatientTVCell.swift */ = {isa = PBXFileReference; lastKnownFileType = sourcecode.swift; path = AddDrugToPatientTVCell.swift; sourceTree = "<group>"; };
		115D1BCD2859B7B900D5741D /* SenioPillApplication.app */ = {isa = PBXFileReference; explicitFileType = wrapper.application; includeInIndex = 0; path = SenioPillApplication.app; sourceTree = BUILT_PRODUCTS_DIR; };
		115D1BD02859B7B900D5741D /* AppDelegate.swift */ = {isa = PBXFileReference; lastKnownFileType = sourcecode.swift; path = AppDelegate.swift; sourceTree = "<group>"; };
		115D1BD22859B7B900D5741D /* SceneDelegate.swift */ = {isa = PBXFileReference; lastKnownFileType = sourcecode.swift; path = SceneDelegate.swift; sourceTree = "<group>"; };
		115D1BD42859B7B900D5741D /* PatientViewController.swift */ = {isa = PBXFileReference; lastKnownFileType = sourcecode.swift; path = PatientViewController.swift; sourceTree = "<group>"; };
		115D1BD72859B7B900D5741D /* Base */ = {isa = PBXFileReference; lastKnownFileType = file.storyboard; name = Base; path = Base.lproj/Main.storyboard; sourceTree = "<group>"; };
		115D1BD92859B7B900D5741D /* Assets.xcassets */ = {isa = PBXFileReference; lastKnownFileType = folder.assetcatalog; path = Assets.xcassets; sourceTree = "<group>"; };
		115D1BDC2859B7B900D5741D /* Base */ = {isa = PBXFileReference; lastKnownFileType = file.storyboard; name = Base; path = Base.lproj/LaunchScreen.storyboard; sourceTree = "<group>"; };
		115D1BDE2859B7B900D5741D /* Info.plist */ = {isa = PBXFileReference; lastKnownFileType = text.plist.xml; path = Info.plist; sourceTree = "<group>"; };
		115DCC02294E693000455727 /* LoginController.swift */ = {isa = PBXFileReference; lastKnownFileType = sourcecode.swift; path = LoginController.swift; sourceTree = "<group>"; };
		115DCC04294E694C00455727 /* ForgotPasswordController.swift */ = {isa = PBXFileReference; lastKnownFileType = sourcecode.swift; path = ForgotPasswordController.swift; sourceTree = "<group>"; };
		115DCC06294E696500455727 /* RegisterController.swift */ = {isa = PBXFileReference; lastKnownFileType = sourcecode.swift; path = RegisterController.swift; sourceTree = "<group>"; };
		115DCC08294E698B00455727 /* HomeController.swift */ = {isa = PBXFileReference; lastKnownFileType = sourcecode.swift; path = HomeController.swift; sourceTree = "<group>"; };
		115DCC0A294E6AE000455727 /* AuthHeaderView.swift */ = {isa = PBXFileReference; lastKnownFileType = sourcecode.swift; path = AuthHeaderView.swift; sourceTree = "<group>"; };
		115DCC0D294E723300455727 /* CustomTextField.swift */ = {isa = PBXFileReference; lastKnownFileType = sourcecode.swift; path = CustomTextField.swift; sourceTree = "<group>"; };
		115DCC0F294E76EC00455727 /* CustomButton.swift */ = {isa = PBXFileReference; lastKnownFileType = sourcecode.swift; path = CustomButton.swift; sourceTree = "<group>"; };
		115DCC11294E868300455727 /* WebViewerController.swift */ = {isa = PBXFileReference; lastKnownFileType = sourcecode.swift; path = WebViewerController.swift; sourceTree = "<group>"; };
		115DCC14294F28B900455727 /* AlertManager.swift */ = {isa = PBXFileReference; lastKnownFileType = sourcecode.swift; path = AlertManager.swift; sourceTree = "<group>"; };
		115DCC16294F326600455727 /* GoogleService-Info.plist */ = {isa = PBXFileReference; fileEncoding = 4; lastKnownFileType = text.plist.xml; path = "GoogleService-Info.plist"; sourceTree = "<group>"; };
		115DCC18294F999500455727 /* AuthService.swift */ = {isa = PBXFileReference; lastKnownFileType = sourcecode.swift; path = AuthService.swift; sourceTree = "<group>"; };
		115DCC1A294F9A9600455727 /* RegisterUserRequest.swift */ = {isa = PBXFileReference; lastKnownFileType = sourcecode.swift; path = RegisterUserRequest.swift; sourceTree = "<group>"; };
		115DCC1C294FA0C900455727 /* LoginUserRequest.swift */ = {isa = PBXFileReference; lastKnownFileType = sourcecode.swift; path = LoginUserRequest.swift; sourceTree = "<group>"; };
		115DCC1E294FA8B500455727 /* Validator.swift */ = {isa = PBXFileReference; lastKnownFileType = sourcecode.swift; path = Validator.swift; sourceTree = "<group>"; };
		115DCC20294FCD3A00455727 /* User.swift */ = {isa = PBXFileReference; lastKnownFileType = sourcecode.swift; path = User.swift; sourceTree = "<group>"; };
		115DCC222950B7D900455727 /* UserProfileViewController.swift */ = {isa = PBXFileReference; lastKnownFileType = sourcecode.swift; path = UserProfileViewController.swift; sourceTree = "<group>"; };
		116EE5C72860512B0074576C /* AddDrugViewController.swift */ = {isa = PBXFileReference; lastKnownFileType = sourcecode.swift; path = AddDrugViewController.swift; sourceTree = "<group>"; };
		116EE5C92860526F0074576C /* AddPatientViewController.swift */ = {isa = PBXFileReference; lastKnownFileType = sourcecode.swift; path = AddPatientViewController.swift; sourceTree = "<group>"; };
		116EE5CC2860533F0074576C /* Patient.swift */ = {isa = PBXFileReference; lastKnownFileType = sourcecode.swift; path = Patient.swift; sourceTree = "<group>"; };
		116EE5CE286055630074576C /* Drugs.swift */ = {isa = PBXFileReference; lastKnownFileType = sourcecode.swift; path = Drugs.swift; sourceTree = "<group>"; };
		116EE5D0286056D00074576C /* Allocation.swift */ = {isa = PBXFileReference; lastKnownFileType = sourcecode.swift; path = Allocation.swift; sourceTree = "<group>"; };
		116EE5D328605A1F0074576C /* BaseTextField.swift */ = {isa = PBXFileReference; lastKnownFileType = sourcecode.swift; path = BaseTextField.swift; sourceTree = "<group>"; };
		116EE5D52860873D0074576C /* PatientList.swift */ = {isa = PBXFileReference; lastKnownFileType = sourcecode.swift; path = PatientList.swift; sourceTree = "<group>"; };
		1187497128643C13001CA200 /* PatientProfileViewController.swift */ = {isa = PBXFileReference; lastKnownFileType = sourcecode.swift; path = PatientProfileViewController.swift; sourceTree = "<group>"; };
		1187497328644A1B001CA200 /* LabelValueView.swift */ = {isa = PBXFileReference; lastKnownFileType = sourcecode.swift; path = LabelValueView.swift; sourceTree = "<group>"; };
		11874975286479BD001CA200 /* DrugsInfoProfileViewController.swift */ = {isa = PBXFileReference; lastKnownFileType = sourcecode.swift; path = DrugsInfoProfileViewController.swift; sourceTree = "<group>"; };
		119FB0AA298AF12200FF2D2E /* GivenDrugDetailsVC.swift */ = {isa = PBXFileReference; lastKnownFileType = sourcecode.swift; path = GivenDrugDetailsVC.swift; sourceTree = "<group>"; };
		11E85D9D28619C63006C742E /* DrugsList.swift */ = {isa = PBXFileReference; lastKnownFileType = sourcecode.swift; path = DrugsList.swift; sourceTree = "<group>"; };
		11E85DA02861A353006C742E /* PatientListTVCell.swift */ = {isa = PBXFileReference; lastKnownFileType = sourcecode.swift; path = PatientListTVCell.swift; sourceTree = "<group>"; };
		11E85DA22861AFFF006C742E /* PatientRepository.swift */ = {isa = PBXFileReference; lastKnownFileType = sourcecode.swift; path = PatientRepository.swift; sourceTree = "<group>"; };
		11E85DA42861E74D006C742E /* DrugsListTVCell.swift */ = {isa = PBXFileReference; lastKnownFileType = sourcecode.swift; path = DrugsListTVCell.swift; sourceTree = "<group>"; };
		11E85DA62862F67E006C742E /* DrugsRepository.swift */ = {isa = PBXFileReference; lastKnownFileType = sourcecode.swift; path = DrugsRepository.swift; sourceTree = "<group>"; };
		11EEA1AA2859FCBD00F81B22 /* DrugsViewController.swift */ = {isa = PBXFileReference; lastKnownFileType = sourcecode.swift; path = DrugsViewController.swift; sourceTree = "<group>"; };
		19786C2801E6776708069692 /* Pods_SenioPillApplication.framework */ = {isa = PBXFileReference; explicitFileType = wrapper.framework; includeInIndex = 0; path = Pods_SenioPillApplication.framework; sourceTree = BUILT_PRODUCTS_DIR; };
		90BE54630364714CAE3F31C9 /* Pods-SenioPillApplication.debug.xcconfig */ = {isa = PBXFileReference; includeInIndex = 1; lastKnownFileType = text.xcconfig; name = "Pods-SenioPillApplication.debug.xcconfig"; path = "Target Support Files/Pods-SenioPillApplication/Pods-SenioPillApplication.debug.xcconfig"; sourceTree = "<group>"; };
		F93BF610CCC79BAF8E372A0A /* Pods-SenioPillApplication.release.xcconfig */ = {isa = PBXFileReference; includeInIndex = 1; lastKnownFileType = text.xcconfig; name = "Pods-SenioPillApplication.release.xcconfig"; path = "Target Support Files/Pods-SenioPillApplication/Pods-SenioPillApplication.release.xcconfig"; sourceTree = "<group>"; };
/* End PBXFileReference section */

/* Begin PBXFrameworksBuildPhase section */
		115D1BCA2859B7B900D5741D /* Frameworks */ = {
			isa = PBXFrameworksBuildPhase;
			buildActionMask = 2147483647;
			files = (
				ABB3B5B031CE574FB452FE5A /* Pods_SenioPillApplication.framework in Frameworks */,
			);
			runOnlyForDeploymentPostprocessing = 0;
		};
/* End PBXFrameworksBuildPhase section */

/* Begin PBXGroup section */
		115D1BC42859B7B900D5741D = {
			isa = PBXGroup;
			children = (
				115DCC16294F326600455727 /* GoogleService-Info.plist */,
				115D1BCF2859B7B900D5741D /* SenioPillApplication */,
				115D1BCE2859B7B900D5741D /* Products */,
				60EEE1C043BDFE4E69CD1BAF /* Pods */,
				3F3E284D11CF1AB25FA697D4 /* Frameworks */,
			);
			sourceTree = "<group>";
		};
		115D1BCE2859B7B900D5741D /* Products */ = {
			isa = PBXGroup;
			children = (
				115D1BCD2859B7B900D5741D /* SenioPillApplication.app */,
			);
			name = Products;
			sourceTree = "<group>";
		};
		115D1BCF2859B7B900D5741D /* SenioPillApplication */ = {
			isa = PBXGroup;
			children = (
				115DCC18294F999500455727 /* AuthService.swift */,
				115DCC14294F28B900455727 /* AlertManager.swift */,
				115DCC01294E68DF00455727 /* RegLog */,
				11E85D9F2861A341006C742E /* Users */,
				116EE5D228605A050074576C /* Core */,
				116EE5CB286053240074576C /* Model */,
				11EEA1AC285A00AC00F81B22 /* Views */,
				115D1BD02859B7B900D5741D /* AppDelegate.swift */,
				115D1BD22859B7B900D5741D /* SceneDelegate.swift */,
				115D1BD62859B7B900D5741D /* Main.storyboard */,
				115D1BD92859B7B900D5741D /* Assets.xcassets */,
				115D1BDB2859B7B900D5741D /* LaunchScreen.storyboard */,
				115D1BDE2859B7B900D5741D /* Info.plist */,
				115DCC11294E868300455727 /* WebViewerController.swift */,
				115DCC1E294FA8B500455727 /* Validator.swift */,
			);
			path = SenioPillApplication;
			sourceTree = "<group>";
		};
		115DCC01294E68DF00455727 /* RegLog */ = {
			isa = PBXGroup;
			children = (
				115DCC02294E693000455727 /* LoginController.swift */,
				115DCC04294E694C00455727 /* ForgotPasswordController.swift */,
				115DCC06294E696500455727 /* RegisterController.swift */,
				115DCC08294E698B00455727 /* HomeController.swift */,
				115DCC0C294E720C00455727 /* Views */,
			);
			path = RegLog;
			sourceTree = "<group>";
		};
		115DCC0C294E720C00455727 /* Views */ = {
			isa = PBXGroup;
			children = (
				115DCC0A294E6AE000455727 /* AuthHeaderView.swift */,
				115DCC0D294E723300455727 /* CustomTextField.swift */,
				115DCC0F294E76EC00455727 /* CustomButton.swift */,
			);
			path = Views;
			sourceTree = "<group>";
		};
		116EE5CB286053240074576C /* Model */ = {
			isa = PBXGroup;
			children = (
				116EE5CC2860533F0074576C /* Patient.swift */,
				116EE5CE286055630074576C /* Drugs.swift */,
				116EE5D0286056D00074576C /* Allocation.swift */,
				116EE5D52860873D0074576C /* PatientList.swift */,
				11E85D9D28619C63006C742E /* DrugsList.swift */,
				11E85DA22861AFFF006C742E /* PatientRepository.swift */,
				11E85DA62862F67E006C742E /* DrugsRepository.swift */,
				115DCC1A294F9A9600455727 /* RegisterUserRequest.swift */,
				115DCC1C294FA0C900455727 /* LoginUserRequest.swift */,
				115DCC20294FCD3A00455727 /* User.swift */,
			);
			path = Model;
			sourceTree = "<group>";
		};
		116EE5D228605A050074576C /* Core */ = {
			isa = PBXGroup;
			children = (
				116EE5D328605A1F0074576C /* BaseTextField.swift */,
			);
			path = Core;
			sourceTree = "<group>";
		};
		11E85D9F2861A341006C742E /* Users */ = {
			isa = PBXGroup;
			children = (
				11E85DA02861A353006C742E /* PatientListTVCell.swift */,
				11E85DA42861E74D006C742E /* DrugsListTVCell.swift */,
				11554794286593D30019E840 /* AddDrugToPatientTVCell.swift */,
			);
			path = Users;
			sourceTree = "<group>";
		};
		11EEA1AC285A00AC00F81B22 /* Views */ = {
			isa = PBXGroup;
			children = (
				115D1BD42859B7B900D5741D /* PatientViewController.swift */,
				11EEA1AA2859FCBD00F81B22 /* DrugsViewController.swift */,
				111E66E9285C64F8004EF32D /* LoadingScreenViewController.swift */,
				111E66EB285C9738004EF32D /* TabBarController.swift */,
				111E66ED285C9840004EF32D /* DashboardViewController.swift */,
				116EE5C72860512B0074576C /* AddDrugViewController.swift */,
				116EE5C92860526F0074576C /* AddPatientViewController.swift */,
				1187497128643C13001CA200 /* PatientProfileViewController.swift */,
				1187497328644A1B001CA200 /* LabelValueView.swift */,
				11874975286479BD001CA200 /* DrugsInfoProfileViewController.swift */,
				1155479228658FAB0019E840 /* AddDrugToPacientVC.swift */,
				115DCC222950B7D900455727 /* UserProfileViewController.swift */,
				119FB0AA298AF12200FF2D2E /* GivenDrugDetailsVC.swift */,
			);
			path = Views;
			sourceTree = "<group>";
		};
		3F3E284D11CF1AB25FA697D4 /* Frameworks */ = {
			isa = PBXGroup;
			children = (
				19786C2801E6776708069692 /* Pods_SenioPillApplication.framework */,
			);
			name = Frameworks;
			sourceTree = "<group>";
		};
		60EEE1C043BDFE4E69CD1BAF /* Pods */ = {
			isa = PBXGroup;
			children = (
				90BE54630364714CAE3F31C9 /* Pods-SenioPillApplication.debug.xcconfig */,
				F93BF610CCC79BAF8E372A0A /* Pods-SenioPillApplication.release.xcconfig */,
			);
			path = Pods;
			sourceTree = "<group>";
		};
/* End PBXGroup section */

/* Begin PBXNativeTarget section */
		115D1BCC2859B7B900D5741D /* SenioPillApplication */ = {
			isa = PBXNativeTarget;
			buildConfigurationList = 115D1BE12859B7B900D5741D /* Build configuration list for PBXNativeTarget "SenioPillApplication" */;
			buildPhases = (
				69B47AC77D66A09DE3873E9E /* [CP] Check Pods Manifest.lock */,
				115D1BC92859B7B900D5741D /* Sources */,
				115D1BCA2859B7B900D5741D /* Frameworks */,
				115D1BCB2859B7B900D5741D /* Resources */,
				B34277354268F435C2892FEF /* [CP] Embed Pods Frameworks */,
			);
			buildRules = (
			);
			dependencies = (
			);
			name = SenioPillApplication;
			productName = SenioPillApplication;
			productReference = 115D1BCD2859B7B900D5741D /* SenioPillApplication.app */;
			productType = "com.apple.product-type.application";
		};
/* End PBXNativeTarget section */

/* Begin PBXProject section */
		115D1BC52859B7B900D5741D /* Project object */ = {
			isa = PBXProject;
			attributes = {
				BuildIndependentTargetsInParallel = 1;
				LastSwiftUpdateCheck = 1340;
				LastUpgradeCheck = 1340;
				TargetAttributes = {
					115D1BCC2859B7B900D5741D = {
						CreatedOnToolsVersion = 13.4.1;
					};
				};
			};
			buildConfigurationList = 115D1BC82859B7B900D5741D /* Build configuration list for PBXProject "SenioPillApplication" */;
			compatibilityVersion = "Xcode 13.0";
			developmentRegion = en;
			hasScannedForEncodings = 0;
			knownRegions = (
				en,
				Base,
			);
			mainGroup = 115D1BC42859B7B900D5741D;
			productRefGroup = 115D1BCE2859B7B900D5741D /* Products */;
			projectDirPath = "";
			projectRoot = "";
			targets = (
				115D1BCC2859B7B900D5741D /* SenioPillApplication */,
			);
		};
/* End PBXProject section */

/* Begin PBXResourcesBuildPhase section */
		115D1BCB2859B7B900D5741D /* Resources */ = {
			isa = PBXResourcesBuildPhase;
			buildActionMask = 2147483647;
			files = (
				115D1BDD2859B7B900D5741D /* LaunchScreen.storyboard in Resources */,
				115DCC17294F326600455727 /* GoogleService-Info.plist in Resources */,
				115D1BDA2859B7B900D5741D /* Assets.xcassets in Resources */,
				115D1BD82859B7B900D5741D /* Main.storyboard in Resources */,
			);
			runOnlyForDeploymentPostprocessing = 0;
		};
/* End PBXResourcesBuildPhase section */

/* Begin PBXShellScriptBuildPhase section */
		69B47AC77D66A09DE3873E9E /* [CP] Check Pods Manifest.lock */ = {
			isa = PBXShellScriptBuildPhase;
			buildActionMask = 2147483647;
			files = (
			);
			inputFileListPaths = (
			);
			inputPaths = (
				"${PODS_PODFILE_DIR_PATH}/Podfile.lock",
				"${PODS_ROOT}/Manifest.lock",
			);
			name = "[CP] Check Pods Manifest.lock";
			outputFileListPaths = (
			);
			outputPaths = (
				"$(DERIVED_FILE_DIR)/Pods-SenioPillApplication-checkManifestLockResult.txt",
			);
			runOnlyForDeploymentPostprocessing = 0;
			shellPath = /bin/sh;
			shellScript = "diff \"${PODS_PODFILE_DIR_PATH}/Podfile.lock\" \"${PODS_ROOT}/Manifest.lock\" > /dev/null\nif [ $? != 0 ] ; then\n    # print error to STDERR\n    echo \"error: The sandbox is not in sync with the Podfile.lock. Run 'pod install' or update your CocoaPods installation.\" >&2\n    exit 1\nfi\n# This output is used by Xcode 'outputs' to avoid re-running this script phase.\necho \"SUCCESS\" > \"${SCRIPT_OUTPUT_FILE_0}\"\n";
			showEnvVarsInLog = 0;
		};
		B34277354268F435C2892FEF /* [CP] Embed Pods Frameworks */ = {
			isa = PBXShellScriptBuildPhase;
			buildActionMask = 2147483647;
			files = (
			);
			inputFileListPaths = (
				"${PODS_ROOT}/Target Support Files/Pods-SenioPillApplication/Pods-SenioPillApplication-frameworks-${CONFIGURATION}-input-files.xcfilelist",
			);
			name = "[CP] Embed Pods Frameworks";
			outputFileListPaths = (
				"${PODS_ROOT}/Target Support Files/Pods-SenioPillApplication/Pods-SenioPillApplication-frameworks-${CONFIGURATION}-output-files.xcfilelist",
			);
			runOnlyForDeploymentPostprocessing = 0;
			shellPath = /bin/sh;
			shellScript = "\"${PODS_ROOT}/Target Support Files/Pods-SenioPillApplication/Pods-SenioPillApplication-frameworks.sh\"\n";
			showEnvVarsInLog = 0;
		};
/* End PBXShellScriptBuildPhase section */

/* Begin PBXSourcesBuildPhase section */
		115D1BC92859B7B900D5741D /* Sources */ = {
			isa = PBXSourcesBuildPhase;
			buildActionMask = 2147483647;
			files = (
				115DCC0B294E6AE000455727 /* AuthHeaderView.swift in Sources */,
				115DCC07294E696500455727 /* RegisterController.swift in Sources */,
				11E85D9E28619C63006C742E /* DrugsList.swift in Sources */,
				116EE5C82860512B0074576C /* AddDrugViewController.swift in Sources */,
				1155479328658FAB0019E840 /* AddDrugToPacientVC.swift in Sources */,
				115D1BD52859B7B900D5741D /* PatientViewController.swift in Sources */,
				11E85DA52861E74D006C742E /* DrugsListTVCell.swift in Sources */,
				116EE5CF286055630074576C /* Drugs.swift in Sources */,
				111E66EE285C9840004EF32D /* DashboardViewController.swift in Sources */,
				1187497228643C13001CA200 /* PatientProfileViewController.swift in Sources */,
				116EE5D428605A1F0074576C /* BaseTextField.swift in Sources */,
				11E85DA72862F67E006C742E /* DrugsRepository.swift in Sources */,
				115DCC05294E694C00455727 /* ForgotPasswordController.swift in Sources */,
				115DCC1B294F9A9600455727 /* RegisterUserRequest.swift in Sources */,
				115DCC1D294FA0C900455727 /* LoginUserRequest.swift in Sources */,
				115DCC1F294FA8B500455727 /* Validator.swift in Sources */,
				115DCC10294E76EC00455727 /* CustomButton.swift in Sources */,
				115D1BD12859B7B900D5741D /* AppDelegate.swift in Sources */,
				115DCC21294FCD3A00455727 /* User.swift in Sources */,
				115DCC0E294E723300455727 /* CustomTextField.swift in Sources */,
				111E66EA285C64F8004EF32D /* LoadingScreenViewController.swift in Sources */,
				11554795286593D30019E840 /* AddDrugToPatientTVCell.swift in Sources */,
				115DCC03294E693000455727 /* LoginController.swift in Sources */,
				11EEA1AB2859FCBD00F81B22 /* DrugsViewController.swift in Sources */,
				116EE5CA2860526F0074576C /* AddPatientViewController.swift in Sources */,
				115DCC12294E868300455727 /* WebViewerController.swift in Sources */,
				111E66EC285C9738004EF32D /* TabBarController.swift in Sources */,
				115DCC15294F28B900455727 /* AlertManager.swift in Sources */,
				115DCC09294E698B00455727 /* HomeController.swift in Sources */,
				119FB0AB298AF12200FF2D2E /* GivenDrugDetailsVC.swift in Sources */,
				116EE5D1286056D00074576C /* Allocation.swift in Sources */,
				115D1BD32859B7B900D5741D /* SceneDelegate.swift in Sources */,
				11E85DA12861A353006C742E /* PatientListTVCell.swift in Sources */,
				1187497428644A1B001CA200 /* LabelValueView.swift in Sources */,
				116EE5CD2860533F0074576C /* Patient.swift in Sources */,
				115DCC232950B7D900455727 /* UserProfileViewController.swift in Sources */,
				11E85DA32861AFFF006C742E /* PatientRepository.swift in Sources */,
				115DCC19294F999500455727 /* AuthService.swift in Sources */,
				11874976286479BD001CA200 /* DrugsInfoProfileViewController.swift in Sources */,
				116EE5D62860873D0074576C /* PatientList.swift in Sources */,
			);
			runOnlyForDeploymentPostprocessing = 0;
		};
/* End PBXSourcesBuildPhase section */

/* Begin PBXVariantGroup section */
		115D1BD62859B7B900D5741D /* Main.storyboard */ = {
			isa = PBXVariantGroup;
			children = (
				115D1BD72859B7B900D5741D /* Base */,
			);
			name = Main.storyboard;
			sourceTree = "<group>";
		};
		115D1BDB2859B7B900D5741D /* LaunchScreen.storyboard */ = {
			isa = PBXVariantGroup;
			children = (
				115D1BDC2859B7B900D5741D /* Base */,
			);
			name = LaunchScreen.storyboard;
			sourceTree = "<group>";
		};
/* End PBXVariantGroup section */

/* Begin XCBuildConfiguration section */
		115D1BDF2859B7B900D5741D /* Debug */ = {
			isa = XCBuildConfiguration;
			buildSettings = {
				ALWAYS_SEARCH_USER_PATHS = NO;
				CLANG_ANALYZER_NONNULL = YES;
				CLANG_ANALYZER_NUMBER_OBJECT_CONVERSION = YES_AGGRESSIVE;
				CLANG_CXX_LANGUAGE_STANDARD = "gnu++17";
				CLANG_ENABLE_MODULES = YES;
				CLANG_ENABLE_OBJC_ARC = YES;
				CLANG_ENABLE_OBJC_WEAK = YES;
				CLANG_WARN_BLOCK_CAPTURE_AUTORELEASING = YES;
				CLANG_WARN_BOOL_CONVERSION = YES;
				CLANG_WARN_COMMA = YES;
				CLANG_WARN_CONSTANT_CONVERSION = YES;
				CLANG_WARN_DEPRECATED_OBJC_IMPLEMENTATIONS = YES;
				CLANG_WARN_DIRECT_OBJC_ISA_USAGE = YES_ERROR;
				CLANG_WARN_DOCUMENTATION_COMMENTS = YES;
				CLANG_WARN_EMPTY_BODY = YES;
				CLANG_WARN_ENUM_CONVERSION = YES;
				CLANG_WARN_INFINITE_RECURSION = YES;
				CLANG_WARN_INT_CONVERSION = YES;
				CLANG_WARN_NON_LITERAL_NULL_CONVERSION = YES;
				CLANG_WARN_OBJC_IMPLICIT_RETAIN_SELF = YES;
				CLANG_WARN_OBJC_LITERAL_CONVERSION = YES;
				CLANG_WARN_OBJC_ROOT_CLASS = YES_ERROR;
				CLANG_WARN_QUOTED_INCLUDE_IN_FRAMEWORK_HEADER = YES;
				CLANG_WARN_RANGE_LOOP_ANALYSIS = YES;
				CLANG_WARN_STRICT_PROTOTYPES = YES;
				CLANG_WARN_SUSPICIOUS_MOVE = YES;
				CLANG_WARN_UNGUARDED_AVAILABILITY = YES_AGGRESSIVE;
				CLANG_WARN_UNREACHABLE_CODE = YES;
				CLANG_WARN__DUPLICATE_METHOD_MATCH = YES;
				COPY_PHASE_STRIP = NO;
				DEBUG_INFORMATION_FORMAT = dwarf;
				ENABLE_STRICT_OBJC_MSGSEND = YES;
				ENABLE_TESTABILITY = YES;
				GCC_C_LANGUAGE_STANDARD = gnu11;
				GCC_DYNAMIC_NO_PIC = NO;
				GCC_NO_COMMON_BLOCKS = YES;
				GCC_OPTIMIZATION_LEVEL = 0;
				GCC_PREPROCESSOR_DEFINITIONS = (
					"DEBUG=1",
					"$(inherited)",
				);
				GCC_WARN_64_TO_32_BIT_CONVERSION = YES;
				GCC_WARN_ABOUT_RETURN_TYPE = YES_ERROR;
				GCC_WARN_UNDECLARED_SELECTOR = YES;
				GCC_WARN_UNINITIALIZED_AUTOS = YES_AGGRESSIVE;
				GCC_WARN_UNUSED_FUNCTION = YES;
				GCC_WARN_UNUSED_VARIABLE = YES;
				IPHONEOS_DEPLOYMENT_TARGET = 15.5;
				MTL_ENABLE_DEBUG_INFO = INCLUDE_SOURCE;
				MTL_FAST_MATH = YES;
				ONLY_ACTIVE_ARCH = YES;
				SDKROOT = iphoneos;
				SWIFT_ACTIVE_COMPILATION_CONDITIONS = DEBUG;
				SWIFT_OPTIMIZATION_LEVEL = "-Onone";
			};
			name = Debug;
		};
		115D1BE02859B7B900D5741D /* Release */ = {
			isa = XCBuildConfiguration;
			buildSettings = {
				ALWAYS_SEARCH_USER_PATHS = NO;
				CLANG_ANALYZER_NONNULL = YES;
				CLANG_ANALYZER_NUMBER_OBJECT_CONVERSION = YES_AGGRESSIVE;
				CLANG_CXX_LANGUAGE_STANDARD = "gnu++17";
				CLANG_ENABLE_MODULES = YES;
				CLANG_ENABLE_OBJC_ARC = YES;
				CLANG_ENABLE_OBJC_WEAK = YES;
				CLANG_WARN_BLOCK_CAPTURE_AUTORELEASING = YES;
				CLANG_WARN_BOOL_CONVERSION = YES;
				CLANG_WARN_COMMA = YES;
				CLANG_WARN_CONSTANT_CONVERSION = YES;
				CLANG_WARN_DEPRECATED_OBJC_IMPLEMENTATIONS = YES;
				CLANG_WARN_DIRECT_OBJC_ISA_USAGE = YES_ERROR;
				CLANG_WARN_DOCUMENTATION_COMMENTS = YES;
				CLANG_WARN_EMPTY_BODY = YES;
				CLANG_WARN_ENUM_CONVERSION = YES;
				CLANG_WARN_INFINITE_RECURSION = YES;
				CLANG_WARN_INT_CONVERSION = YES;
				CLANG_WARN_NON_LITERAL_NULL_CONVERSION = YES;
				CLANG_WARN_OBJC_IMPLICIT_RETAIN_SELF = YES;
				CLANG_WARN_OBJC_LITERAL_CONVERSION = YES;
				CLANG_WARN_OBJC_ROOT_CLASS = YES_ERROR;
				CLANG_WARN_QUOTED_INCLUDE_IN_FRAMEWORK_HEADER = YES;
				CLANG_WARN_RANGE_LOOP_ANALYSIS = YES;
				CLANG_WARN_STRICT_PROTOTYPES = YES;
				CLANG_WARN_SUSPICIOUS_MOVE = YES;
				CLANG_WARN_UNGUARDED_AVAILABILITY = YES_AGGRESSIVE;
				CLANG_WARN_UNREACHABLE_CODE = YES;
				CLANG_WARN__DUPLICATE_METHOD_MATCH = YES;
				COPY_PHASE_STRIP = NO;
				DEBUG_INFORMATION_FORMAT = "dwarf-with-dsym";
				ENABLE_NS_ASSERTIONS = NO;
				ENABLE_STRICT_OBJC_MSGSEND = YES;
				GCC_C_LANGUAGE_STANDARD = gnu11;
				GCC_NO_COMMON_BLOCKS = YES;
				GCC_WARN_64_TO_32_BIT_CONVERSION = YES;
				GCC_WARN_ABOUT_RETURN_TYPE = YES_ERROR;
				GCC_WARN_UNDECLARED_SELECTOR = YES;
				GCC_WARN_UNINITIALIZED_AUTOS = YES_AGGRESSIVE;
				GCC_WARN_UNUSED_FUNCTION = YES;
				GCC_WARN_UNUSED_VARIABLE = YES;
				IPHONEOS_DEPLOYMENT_TARGET = 15.5;
				MTL_ENABLE_DEBUG_INFO = NO;
				MTL_FAST_MATH = YES;
				SDKROOT = iphoneos;
				SWIFT_COMPILATION_MODE = wholemodule;
				SWIFT_OPTIMIZATION_LEVEL = "-O";
				VALIDATE_PRODUCT = YES;
			};
			name = Release;
		};
		115D1BE22859B7B900D5741D /* Debug */ = {
			isa = XCBuildConfiguration;
			baseConfigurationReference = 90BE54630364714CAE3F31C9 /* Pods-SenioPillApplication.debug.xcconfig */;
			buildSettings = {
				ASSETCATALOG_COMPILER_APPICON_NAME = AppIcon;
				ASSETCATALOG_COMPILER_GLOBAL_ACCENT_COLOR_NAME = AccentColor;
				CODE_SIGN_STYLE = Automatic;
				CURRENT_PROJECT_VERSION = 1;
				DEVELOPMENT_TEAM = 92B2M5HRCY;
				GENERATE_INFOPLIST_FILE = YES;
				INFOPLIST_FILE = SenioPillApplication/Info.plist;
				INFOPLIST_KEY_UIApplicationSupportsIndirectInputEvents = YES;
				INFOPLIST_KEY_UILaunchStoryboardName = LaunchScreen;
				INFOPLIST_KEY_UISupportedInterfaceOrientations_iPad = "UIInterfaceOrientationPortrait UIInterfaceOrientationPortraitUpsideDown UIInterfaceOrientationLandscapeLeft UIInterfaceOrientationLandscapeRight";
				INFOPLIST_KEY_UISupportedInterfaceOrientations_iPhone = "UIInterfaceOrientationPortrait UIInterfaceOrientationLandscapeLeft UIInterfaceOrientationLandscapeRight";
				LD_RUNPATH_SEARCH_PATHS = (
					"$(inherited)",
					"@executable_path/Frameworks",
				);
				MARKETING_VERSION = 1.0;
				PRODUCT_BUNDLE_IDENTIFIER = OndrejKartousek.SenioPillApplication;
				PRODUCT_NAME = "$(TARGET_NAME)";
				SWIFT_EMIT_LOC_STRINGS = YES;
				SWIFT_VERSION = 5.0;
				TARGETED_DEVICE_FAMILY = "1,2";
			};
			name = Debug;
		};
		115D1BE32859B7B900D5741D /* Release */ = {
			isa = XCBuildConfiguration;
			baseConfigurationReference = F93BF610CCC79BAF8E372A0A /* Pods-SenioPillApplication.release.xcconfig */;
			buildSettings = {
				ASSETCATALOG_COMPILER_APPICON_NAME = AppIcon;
				ASSETCATALOG_COMPILER_GLOBAL_ACCENT_COLOR_NAME = AccentColor;
				CODE_SIGN_STYLE = Automatic;
				CURRENT_PROJECT_VERSION = 1;
				DEVELOPMENT_TEAM = 92B2M5HRCY;
				GENERATE_INFOPLIST_FILE = YES;
				INFOPLIST_FILE = SenioPillApplication/Info.plist;
				INFOPLIST_KEY_UIApplicationSupportsIndirectInputEvents = YES;
				INFOPLIST_KEY_UILaunchStoryboardName = LaunchScreen;
				INFOPLIST_KEY_UISupportedInterfaceOrientations_iPad = "UIInterfaceOrientationPortrait UIInterfaceOrientationPortraitUpsideDown UIInterfaceOrientationLandscapeLeft UIInterfaceOrientationLandscapeRight";
				INFOPLIST_KEY_UISupportedInterfaceOrientations_iPhone = "UIInterfaceOrientationPortrait UIInterfaceOrientationLandscapeLeft UIInterfaceOrientationLandscapeRight";
				LD_RUNPATH_SEARCH_PATHS = (
					"$(inherited)",
					"@executable_path/Frameworks",
				);
				MARKETING_VERSION = 1.0;
				PRODUCT_BUNDLE_IDENTIFIER = OndrejKartousek.SenioPillApplication;
				PRODUCT_NAME = "$(TARGET_NAME)";
				SWIFT_EMIT_LOC_STRINGS = YES;
				SWIFT_VERSION = 5.0;
				TARGETED_DEVICE_FAMILY = "1,2";
			};
			name = Release;
		};
/* End XCBuildConfiguration section */

/* Begin XCConfigurationList section */
		115D1BC82859B7B900D5741D /* Build configuration list for PBXProject "SenioPillApplication" */ = {
			isa = XCConfigurationList;
			buildConfigurations = (
				115D1BDF2859B7B900D5741D /* Debug */,
				115D1BE02859B7B900D5741D /* Release */,
			);
			defaultConfigurationIsVisible = 0;
			defaultConfigurationName = Release;
		};
		115D1BE12859B7B900D5741D /* Build configuration list for PBXNativeTarget "SenioPillApplication" */ = {
			isa = XCConfigurationList;
			buildConfigurations = (
				115D1BE22859B7B900D5741D /* Debug */,
				115D1BE32859B7B900D5741D /* Release */,
			);
			defaultConfigurationIsVisible = 0;
			defaultConfigurationName = Release;
		};
/* End XCConfigurationList section */
	};
	rootObject = 115D1BC52859B7B900D5741D /* Project object */;
}
